
Microsoft Visual Studio Solution File, Format Version 12.00
Project("{FAE04EC0-301F-11D3-BF4B-00C04F79EFBC}") = "ProgrammingSheet5ConvParser", "ProgrammingSheet5ConvParser\ProgrammingSheet5ConvParser.csproj", "{39D28804-59EB-434B-92CB-BA6DB1D08550}"
EndProject
Global
	GlobalSection(SolutionConfigurationPlatforms) = preSolution
		Debug|Any CPU = Debug|Any CPU
		Release|Any CPU = Release|Any CPU
	EndGlobalSection
	GlobalSection(ProjectConfigurationPlatforms) = postSolution
		{39D28804-59EB-434B-92CB-BA6DB1D08550}.Debug|Any CPU.ActiveCfg = Debug|Any CPU
		{39D28804-59EB-434B-92CB-BA6DB1D08550}.Debug|Any CPU.Build.0 = Debug|Any CPU
		{39D28804-59EB-434B-92CB-BA6DB1D08550}.Release|Any CPU.ActiveCfg = Release|Any CPU
		{39D28804-59EB-434B-92CB-BA6DB1D08550}.Release|Any CPU.Build.0 = Release|Any CPU
	EndGlobalSection
EndGlobal
